
Microsoft Visual Studio Solution File, Format Version 12.00
# Visual Studio Version 17
VisualStudioVersion = 17.8.34511.84
MinimumVisualStudioVersion = 10.0.40219.1
Project("{FAE04EC0-301F-11D3-BF4B-00C04F79EFBC}") = "final_term_prac_1", "final_term_prac_1\final_term_prac_1.csproj", "{7080D9DD-C924-40E3-8E88-9A0EEEF3543E}"
EndProject
Project("{FAE04EC0-301F-11D3-BF4B-00C04F79EFBC}") = "BLL", "BLL\BLL.csproj", "{3C3F250B-E57F-49AA-A23D-9F70EF5E0C14}"
EndProject
Project("{FAE04EC0-301F-11D3-BF4B-00C04F79EFBC}") = "DAL", "DAL\DAL.csproj", "{2591C329-4567-463C-B33A-47F5B8B9F695}"
EndProject
Global
	GlobalSection(SolutionConfigurationPlatforms) = preSolution
		Debug|Any CPU = Debug|Any CPU
		Release|Any CPU = Release|Any CPU
	EndGlobalSection
	GlobalSection(ProjectConfigurationPlatforms) = postSolution
		{7080D9DD-C924-40E3-8E88-9A0EEEF3543E}.Debug|Any CPU.ActiveCfg = Debug|Any CPU
		{7080D9DD-C924-40E3-8E88-9A0EEEF3543E}.Debug|Any CPU.Build.0 = Debug|Any CPU
		{7080D9DD-C924-40E3-8E88-9A0EEEF3543E}.Release|Any CPU.ActiveCfg = Release|Any CPU
		{7080D9DD-C924-40E3-8E88-9A0EEEF3543E}.Release|Any CPU.Build.0 = Release|Any CPU
		{3C3F250B-E57F-49AA-A23D-9F70EF5E0C14}.Debug|Any CPU.ActiveCfg = Debug|Any CPU
		{3C3F250B-E57F-49AA-A23D-9F70EF5E0C14}.Debug|Any CPU.Build.0 = Debug|Any CPU
		{3C3F250B-E57F-49AA-A23D-9F70EF5E0C14}.Release|Any CPU.ActiveCfg = Release|Any CPU
		{3C3F250B-E57F-49AA-A23D-9F70EF5E0C14}.Release|Any CPU.Build.0 = Release|Any CPU
		{2591C329-4567-463C-B33A-47F5B8B9F695}.Debug|Any CPU.ActiveCfg = Debug|Any CPU
		{2591C329-4567-463C-B33A-47F5B8B9F695}.Debug|Any CPU.Build.0 = Debug|Any CPU
		{2591C329-4567-463C-B33A-47F5B8B9F695}.Release|Any CPU.ActiveCfg = Release|Any CPU
		{2591C329-4567-463C-B33A-47F5B8B9F695}.Release|Any CPU.Build.0 = Release|Any CPU
	EndGlobalSection
	GlobalSection(SolutionProperties) = preSolution
		HideSolutionNode = FALSE
	EndGlobalSection
	GlobalSection(ExtensibilityGlobals) = postSolution
		SolutionGuid = {C122365D-9A6D-4CD2-A1E0-01D2571E34BF}
	EndGlobalSection
EndGlobal
